# THIS IS AN AUTOGENERATED FILE. DO NOT EDIT THIS FILE DIRECTLY.
# yarn lockfile v1


deep-equal@1.0.1:
  version "1.0.1"
  resolved "https://registry.yarnpkg.com/deep-equal/-/deep-equal-1.0.1.tgz#f5d260292b660e084eff4cdbc9f08ad3247448b5"
  integrity sha1-9dJgKStmDghO/0zbyfCK0yR0SLU=

es6-promise@4.0.5:
  version "4.0.5"
  resolved "https://registry.yarnpkg.com/es6-promise/-/es6-promise-4.0.5.tgz#7882f30adde5b240ccfa7f7d78c548330951ae42"
  integrity sha1-eILzCt3lskDM+n99eMVIMwlRrkI=

simple-vue-validator@^0.16.0:
  version "0.16.0"
  resolved "https://registry.yarnpkg.com/simple-vue-validator/-/simple-vue-validator-0.16.0.tgz#62296bad9fccb7b9f5d548a09266df21b0055c16"
  integrity sha512-M9/Tgprpww/7oEv4qiXavvYVMpx6qrQ+ryJbSDOrXva8yq5SFoDfwbrL3LWGPsnNsFr4cF1y8RW+AAuC018WGg==
  dependencies:
    deep-equal "1.0.1"
    es6-promise "4.0.5"

vue-axios@^3.4.1:
  version "3.4.1"
  resolved "https://registry.yarnpkg.com/vue-axios/-/vue-axios-3.4.1.tgz#e092ec4060b42e941ea5059df9b8f09058c3eea9"
  integrity sha512-8YZYUOQrBEJktxoQtrM4rr2LfVcDaWfJqv8MqtLlgLlkuBvCYKFSZSo6AXQ4YcCzdgccDqstmuaEh68lcH9xWA==

vue-select@^3.18.3:
  version "3.18.3"
  resolved "https://registry.yarnpkg.com/vue-select/-/vue-select-3.18.3.tgz#31f188d7181a4a86d07b937303c457efe863c4bc"
  integrity sha512-nKmwxEDO4RRoZ6lWkkVE2bpgne7IJSRzSh1pIawLI7dJLZbtJuSgA0xGaLrT0pUp+JYHBDul242PwOBDHi28vg==
